
Microsoft Visual Studio Solution File, Format Version 12.00
# Visual Studio Version 17
VisualStudioVersion = 17.0.32112.339
MinimumVisualStudioVersion = 10.0.40219.1
Project("{FAE04EC0-301F-11D3-BF4B-00C04F79EFBC}") = "XingZuoApi", "XingZuoApi.csproj", "{F51ED27A-4E5C-485B-961A-3E5662D2D9CD}"
EndProject
Project("{FAE04EC0-301F-11D3-BF4B-00C04F79EFBC}") = "DAL", "..\ClassLibrary1\DAL.csproj", "{515AD1C4-9695-404E-A2D8-5D77280AA469}"
EndProject
Project("{FAE04EC0-301F-11D3-BF4B-00C04F79EFBC}") = "Entity", "..\Entity\Entity.csproj", "{7CAF9E38-81AA-4214-A682-192E71621C6D}"
EndProject
Global
	GlobalSection(SolutionConfigurationPlatforms) = preSolution
		Debug|Any CPU = Debug|Any CPU
		Release|Any CPU = Release|Any CPU
	EndGlobalSection
	GlobalSection(ProjectConfigurationPlatforms) = postSolution
		{F51ED27A-4E5C-485B-961A-3E5662D2D9CD}.Debug|Any CPU.ActiveCfg = Debug|Any CPU
		{F51ED27A-4E5C-485B-961A-3E5662D2D9CD}.Debug|Any CPU.Build.0 = Debug|Any CPU
		{F51ED27A-4E5C-485B-961A-3E5662D2D9CD}.Release|Any CPU.ActiveCfg = Release|Any CPU
		{F51ED27A-4E5C-485B-961A-3E5662D2D9CD}.Release|Any CPU.Build.0 = Release|Any CPU
		{515AD1C4-9695-404E-A2D8-5D77280AA469}.Debug|Any CPU.ActiveCfg = Debug|Any CPU
		{515AD1C4-9695-404E-A2D8-5D77280AA469}.Debug|Any CPU.Build.0 = Debug|Any CPU
		{515AD1C4-9695-404E-A2D8-5D77280AA469}.Release|Any CPU.ActiveCfg = Release|Any CPU
		{515AD1C4-9695-404E-A2D8-5D77280AA469}.Release|Any CPU.Build.0 = Release|Any CPU
		{7CAF9E38-81AA-4214-A682-192E71621C6D}.Debug|Any CPU.ActiveCfg = Debug|Any CPU
		{7CAF9E38-81AA-4214-A682-192E71621C6D}.Debug|Any CPU.Build.0 = Debug|Any CPU
		{7CAF9E38-81AA-4214-A682-192E71621C6D}.Release|Any CPU.ActiveCfg = Release|Any CPU
		{7CAF9E38-81AA-4214-A682-192E71621C6D}.Release|Any CPU.Build.0 = Release|Any CPU
	EndGlobalSection
	GlobalSection(SolutionProperties) = preSolution
		HideSolutionNode = FALSE
	EndGlobalSection
	GlobalSection(ExtensibilityGlobals) = postSolution
		SolutionGuid = {4C6CC0AD-D0BA-4331-8308-417043E3EFCA}
	EndGlobalSection
EndGlobal
